
Microsoft Visual Studio Solution File, Format Version 12.00
# Visual Studio Version 16
VisualStudioVersion = 16.0.29613.14
MinimumVisualStudioVersion = 10.0.40219.1
Project("{9A19103F-16F7-4668-BE54-9A1E7A4F7556}") = "WebApiTask.WebApp", "WebApiTask.WebApp.csproj", "{2BC37CE0-21FE-4E01-9410-5B5C46DE0C3A}"
EndProject
Global
	GlobalSection(SolutionConfigurationPlatforms) = preSolution
		Debug|Any CPU = Debug|Any CPU
		Release|Any CPU = Release|Any CPU
	EndGlobalSection
	GlobalSection(ProjectConfigurationPlatforms) = postSolution
		{2BC37CE0-21FE-4E01-9410-5B5C46DE0C3A}.Debug|Any CPU.ActiveCfg = Debug|Any CPU
		{2BC37CE0-21FE-4E01-9410-5B5C46DE0C3A}.Debug|Any CPU.Build.0 = Debug|Any CPU
		{2BC37CE0-21FE-4E01-9410-5B5C46DE0C3A}.Release|Any CPU.ActiveCfg = Release|Any CPU
		{2BC37CE0-21FE-4E01-9410-5B5C46DE0C3A}.Release|Any CPU.Build.0 = Release|Any CPU
	EndGlobalSection
	GlobalSection(SolutionProperties) = preSolution
		HideSolutionNode = FALSE
	EndGlobalSection
	GlobalSection(ExtensibilityGlobals) = postSolution
		SolutionGuid = {871966BD-C135-4E84-9C68-C9DF612AAC2A}
	EndGlobalSection
EndGlobal
